PODS:
  - agora_rtm (2.2.5):
    - AgoraIrisRTM_iOS (= 2.2.5-build.2)
    - AgoraRtm (= 2.2.5)
    - Flutter
  - AgoraIrisRTM_iOS (2.2.5-build.2)
  - AgoraRtm (2.2.5):
    - AgoraRtm/RtmBasic (= 2.2.5)
    - AgoraRtm/RtmKit (= 2.2.5)
  - AgoraRtm/RtmBasic (2.2.5)
  - AgoraRtm/RtmKit (2.2.5)
  - Flutter (1.0.0)

DEPENDENCIES:
  - agora_rtm (from `.symlinks/plugins/agora_rtm/ios`)
  - Flutter (from `Flutter`)

SPEC REPOS:
  trunk:
    - AgoraIrisRTM_iOS
    - AgoraRtm

EXTERNAL SOURCES:
  agora_rtm:
    :path: ".symlinks/plugins/agora_rtm/ios"
  Flutter:
    :path: Flutter

SPEC CHECKSUMS:
  agora_rtm: 7b085b01b7c7ed083483e5d1947d48c960e6a62d
  AgoraIrisRTM_iOS: 8db20697f717de6e1db5dd4c842432889f284220
  AgoraRtm: d92cdfca825f3e6817c315d7dd6403742494f7ca
  Flutter: cabc95a1d2626b1b06e7179b784ebcf0c0cde467

PODFILE CHECKSUM: 3c63482e143d1b91d2d2560aee9fb04ecc74ac7e

COCOAPODS: 1.16.2
